// !$*UTF8*$!
{
	archiveVersion = 1;
	classes = {
	};
	objectVersion = 52;
	objects = {

/* Begin PBXBuildFile section */
		260BBAF92555ACDD00CC4454 /* UIView+Ext.swift in Sources */ = {isa = PBXBuildFile; fileRef = 260BBAF82555ACDD00CC4454 /* UIView+Ext.swift */; };
		260BBAFA2555AE8400CC4454 /* RoundedCornerView.swift in Sources */ = {isa = PBXBuildFile; fileRef = 26C2A5E6253905A30084966B /* RoundedCornerView.swift */; };
		262060202548132D002C923C /* home.png in Resources */ = {isa = PBXBuildFile; fileRef = 2620601F2548132D002C923C /* home.png */; };
		2620602225481364002C923C /* calendar.png in Resources */ = {isa = PBXBuildFile; fileRef = 2620602125481364002C923C /* calendar.png */; };
		2640BDEF2553215C009E27C4 /* User.swift in Sources */ = {isa = PBXBuildFile; fileRef = 2640BDEE2553215C009E27C4 /* User.swift */; };
		2640BDF2255323FE009E27C4 /* Main.storyboard in Resources */ = {isa = PBXBuildFile; fileRef = 2640BDF0255323FE009E27C4 /* Main.storyboard */; };
		2644C1522541B4430004F979 /* icons8-login-100.png in Resources */ = {isa = PBXBuildFile; fileRef = 2644C1512541B4430004F979 /* icons8-login-100.png */; };
		2644C1592541B51D0004F979 /* Nunito-SemiBold.ttf in Resources */ = {isa = PBXBuildFile; fileRef = 2644C1532541B51D0004F979 /* Nunito-SemiBold.ttf */; };
		2644C15A2541B51D0004F979 /* Nunito-Regular.ttf in Resources */ = {isa = PBXBuildFile; fileRef = 2644C1542541B51D0004F979 /* Nunito-Regular.ttf */; };
		2644C15C2541B51D0004F979 /* Nunito-ExtraBold.ttf in Resources */ = {isa = PBXBuildFile; fileRef = 2644C1562541B51D0004F979 /* Nunito-ExtraBold.ttf */; };
		2644C15D2541B51D0004F979 /* Nunito-Black.ttf in Resources */ = {isa = PBXBuildFile; fileRef = 2644C1572541B51D0004F979 /* Nunito-Black.ttf */; };
		2644C15E2541B51D0004F979 /* Nunito-Bold.ttf in Resources */ = {isa = PBXBuildFile; fileRef = 2644C1582541B51D0004F979 /* Nunito-Bold.ttf */; };
		2644C16D2541DB980004F979 /* female.png in Resources */ = {isa = PBXBuildFile; fileRef = 2644C16B2541DB980004F979 /* female.png */; };
		2644C16E2541DB980004F979 /* male.png in Resources */ = {isa = PBXBuildFile; fileRef = 2644C16C2541DB980004F979 /* male.png */; };
		2644C1702542333D0004F979 /* Consultation.swift in Sources */ = {isa = PBXBuildFile; fileRef = 2644C16F2542333D0004F979 /* Consultation.swift */; };
		2644C1722542FAB80004F979 /* no-scheduling.png in Resources */ = {isa = PBXBuildFile; fileRef = 2644C1712542FAB80004F979 /* no-scheduling.png */; };
		2644C17425430D770004F979 /* scheduling.png in Resources */ = {isa = PBXBuildFile; fileRef = 2644C17325430D770004F979 /* scheduling.png */; };
		2644C17825431AF80004F979 /* options.png in Resources */ = {isa = PBXBuildFile; fileRef = 2644C17725431AF80004F979 /* options.png */; };
		2644C17B25445AC70004F979 /* HomeTableViewCell.swift in Sources */ = {isa = PBXBuildFile; fileRef = 2644C17925445AC70004F979 /* HomeTableViewCell.swift */; };
		265EC87D2555B08300C6438D /* UITextView+Ext.swift in Sources */ = {isa = PBXBuildFile; fileRef = 265EC87C2555B08300C6438D /* UITextView+Ext.swift */; };
		265EC8832555C3D100C6438D /* RxSwift in Frameworks */ = {isa = PBXBuildFile; productRef = 265EC8822555C3D100C6438D /* RxSwift */; };
		265EC8852555C3D100C6438D /* RxCocoa in Frameworks */ = {isa = PBXBuildFile; productRef = 265EC8842555C3D100C6438D /* RxCocoa */; };
		2682CDEC253872BA00989A3F /* AppDelegate.swift in Sources */ = {isa = PBXBuildFile; fileRef = 2682CDEB253872BA00989A3F /* AppDelegate.swift */; };
		2682CDEE253872BA00989A3F /* SceneDelegate.swift in Sources */ = {isa = PBXBuildFile; fileRef = 2682CDED253872BA00989A3F /* SceneDelegate.swift */; };
		2682CDF0253872BA00989A3F /* HomeViewController.swift in Sources */ = {isa = PBXBuildFile; fileRef = 2682CDEF253872BA00989A3F /* HomeViewController.swift */; };
		2682CDF2253872BA00989A3F /* CalendarViewController.swift in Sources */ = {isa = PBXBuildFile; fileRef = 2682CDF1253872BA00989A3F /* CalendarViewController.swift */; };
		2682CDF7253872BC00989A3F /* Assets.xcassets in Resources */ = {isa = PBXBuildFile; fileRef = 2682CDF6253872BC00989A3F /* Assets.xcassets */; };
		2682CDFA253872BC00989A3F /* LaunchScreen.storyboard in Resources */ = {isa = PBXBuildFile; fileRef = 2682CDF8253872BC00989A3F /* LaunchScreen.storyboard */; };
		2682CE05253872BC00989A3F /* AssisterTests.swift in Sources */ = {isa = PBXBuildFile; fileRef = 2682CE04253872BC00989A3F /* AssisterTests.swift */; };
		2682CE10253872BC00989A3F /* AssisterUITests.swift in Sources */ = {isa = PBXBuildFile; fileRef = 2682CE0F253872BC00989A3F /* AssisterUITests.swift */; };
		268E11EA25461EF900E0E07B /* clock.png in Resources */ = {isa = PBXBuildFile; fileRef = 268E11E925461EF900E0E07B /* clock.png */; };
		26C2A5E2253885D30084966B /* LoginScreenController.swift in Sources */ = {isa = PBXBuildFile; fileRef = 26C2A5E1253885D30084966B /* LoginScreenController.swift */; };
		26C2A5E42538A2C10084966B /* UITabBar+Ext.swift in Sources */ = {isa = PBXBuildFile; fileRef = 26C2A5E32538A2C10084966B /* UITabBar+Ext.swift */; };
		26C2A5E925390ACF0084966B /* Colors.xcassets in Resources */ = {isa = PBXBuildFile; fileRef = 26C2A5E825390ACF0084966B /* Colors.xcassets */; };
		26C2A5F12539E1610084966B /* LoginNavigationController.swift in Sources */ = {isa = PBXBuildFile; fileRef = 26C2A5F02539E1610084966B /* LoginNavigationController.swift */; };
		26C2A604253A4C930084966B /* Setup Wizard-pana.png in Resources */ = {isa = PBXBuildFile; fileRef = 26C2A5F52539F25F0084966B /* Setup Wizard-pana.png */; };
		26C2A608253A5F300084966B /* DataService.swift in Sources */ = {isa = PBXBuildFile; fileRef = 26C2A607253A5F300084966B /* DataService.swift */; };
		26C7610725554E0D0073ECA9 /* HttpRequests.swift in Sources */ = {isa = PBXBuildFile; fileRef = 26C7610625554E0D0073ECA9 /* HttpRequests.swift */; };
		26E48E382547781000964656 /* calednar-plus.png in Resources */ = {isa = PBXBuildFile; fileRef = 26E48E372547781000964656 /* calednar-plus.png */; };
		26E9A713254893FA00109274 /* SettingsViewController.swift in Sources */ = {isa = PBXBuildFile; fileRef = 26E9A712254893FA00109274 /* SettingsViewController.swift */; };
/* End PBXBuildFile section */

/* Begin PBXContainerItemProxy section */
		2682CE01253872BC00989A3F /* PBXContainerItemProxy */ = {
			isa = PBXContainerItemProxy;
			containerPortal = 2682CDE0253872BA00989A3F /* Project object */;
			proxyType = 1;
			remoteGlobalIDString = 2682CDE7253872BA00989A3F;
			remoteInfo = Assister;
		};
		2682CE0C253872BC00989A3F /* PBXContainerItemProxy */ = {
			isa = PBXContainerItemProxy;
			containerPortal = 2682CDE0253872BA00989A3F /* Project object */;
			proxyType = 1;
			remoteGlobalIDString = 2682CDE7253872BA00989A3F;
			remoteInfo = Assister;
		};
/* End PBXContainerItemProxy section */

/* Begin PBXFileReference section */
		260BBAF82555ACDD00CC4454 /* UIView+Ext.swift */ = {isa = PBXFileReference; lastKnownFileType = sourcecode.swift; path = "UIView+Ext.swift"; sourceTree = "<group>"; };
		2620601F2548132D002C923C /* home.png */ = {isa = PBXFileReference; lastKnownFileType = image.png; name = home.png; path = ../../../../../OneDrive/AssisterDesign/home.png; sourceTree = "<group>"; };
		2620602125481364002C923C /* calendar.png */ = {isa = PBXFileReference; lastKnownFileType = image.png; name = calendar.png; path = ../../../../../OneDrive/AssisterDesign/calendar.png; sourceTree = "<group>"; };
		2640BDEE2553215C009E27C4 /* User.swift */ = {isa = PBXFileReference; lastKnownFileType = sourcecode.swift; path = User.swift; sourceTree = "<group>"; };
		2640BDF1255323FE009E27C4 /* Base */ = {isa = PBXFileReference; lastKnownFileType = file.storyboard; name = Base; path = Base.lproj/Main.storyboard; sourceTree = "<group>"; };
		2644C1512541B4430004F979 /* icons8-login-100.png */ = {isa = PBXFileReference; lastKnownFileType = image.png; name = "icons8-login-100.png"; path = "../../../../../OneDrive/AssisterDesign/icons8-login-100.png"; sourceTree = "<group>"; };
		2644C1532541B51D0004F979 /* Nunito-SemiBold.ttf */ = {isa = PBXFileReference; lastKnownFileType = file; name = "Nunito-SemiBold.ttf"; path = "../../../../../../Downloads/Nunito/Nunito-SemiBold.ttf"; sourceTree = "<group>"; };
		2644C1542541B51D0004F979 /* Nunito-Regular.ttf */ = {isa = PBXFileReference; lastKnownFileType = file; name = "Nunito-Regular.ttf"; path = "../../../../../../Downloads/Nunito/Nunito-Regular.ttf"; sourceTree = "<group>"; };
		2644C1562541B51D0004F979 /* Nunito-ExtraBold.ttf */ = {isa = PBXFileReference; lastKnownFileType = file; name = "Nunito-ExtraBold.ttf"; path = "../../../../../../Downloads/Nunito/Nunito-ExtraBold.ttf"; sourceTree = "<group>"; };
		2644C1572541B51D0004F979 /* Nunito-Black.ttf */ = {isa = PBXFileReference; lastKnownFileType = file; name = "Nunito-Black.ttf"; path = "../../../../../../Downloads/Nunito/Nunito-Black.ttf"; sourceTree = "<group>"; };
		2644C1582541B51D0004F979 /* Nunito-Bold.ttf */ = {isa = PBXFileReference; lastKnownFileType = file; name = "Nunito-Bold.ttf"; path = "../../../../../../Downloads/Nunito/Nunito-Bold.ttf"; sourceTree = "<group>"; };
		2644C16B2541DB980004F979 /* female.png */ = {isa = PBXFileReference; lastKnownFileType = image.png; name = female.png; path = ../../../../../OneDrive/AssisterDesign/female.png; sourceTree = "<group>"; };
		2644C16C2541DB980004F979 /* male.png */ = {isa = PBXFileReference; lastKnownFileType = image.png; name = male.png; path = ../../../../../OneDrive/AssisterDesign/male.png; sourceTree = "<group>"; };
		2644C16F2542333D0004F979 /* Consultation.swift */ = {isa = PBXFileReference; lastKnownFileType = sourcecode.swift; path = Consultation.swift; sourceTree = "<group>"; };
		2644C1712542FAB80004F979 /* no-scheduling.png */ = {isa = PBXFileReference; lastKnownFileType = image.png; name = "no-scheduling.png"; path = "../../../../../OneDrive/AssisterDesign/no-scheduling.png"; sourceTree = "<group>"; };
		2644C17325430D770004F979 /* scheduling.png */ = {isa = PBXFileReference; lastKnownFileType = image.png; name = scheduling.png; path = ../../../../../OneDrive/AssisterDesign/scheduling.png; sourceTree = "<group>"; };
		2644C17725431AF80004F979 /* options.png */ = {isa = PBXFileReference; lastKnownFileType = image.png; name = options.png; path = ../../../../../OneDrive/AssisterDesign/options.png; sourceTree = "<group>"; };
		2644C17925445AC70004F979 /* HomeTableViewCell.swift */ = {isa = PBXFileReference; lastKnownFileType = sourcecode.swift; path = HomeTableViewCell.swift; sourceTree = "<group>"; };
		265EC87C2555B08300C6438D /* UITextView+Ext.swift */ = {isa = PBXFileReference; lastKnownFileType = sourcecode.swift; path = "UITextView+Ext.swift"; sourceTree = "<group>"; };
		2682CDE8253872BA00989A3F /* Assister.app */ = {isa = PBXFileReference; explicitFileType = wrapper.application; includeInIndex = 0; path = Assister.app; sourceTree = BUILT_PRODUCTS_DIR; };
		2682CDEB253872BA00989A3F /* AppDelegate.swift */ = {isa = PBXFileReference; lastKnownFileType = sourcecode.swift; path = AppDelegate.swift; sourceTree = "<group>"; };
		2682CDED253872BA00989A3F /* SceneDelegate.swift */ = {isa = PBXFileReference; lastKnownFileType = sourcecode.swift; path = SceneDelegate.swift; sourceTree = "<group>"; };
		2682CDEF253872BA00989A3F /* HomeViewController.swift */ = {isa = PBXFileReference; lastKnownFileType = sourcecode.swift; path = HomeViewController.swift; sourceTree = "<group>"; };
		2682CDF1253872BA00989A3F /* CalendarViewController.swift */ = {isa = PBXFileReference; lastKnownFileType = sourcecode.swift; path = CalendarViewController.swift; sourceTree = "<group>"; };
		2682CDF6253872BC00989A3F /* Assets.xcassets */ = {isa = PBXFileReference; lastKnownFileType = folder.assetcatalog; path = Assets.xcassets; sourceTree = "<group>"; };
		2682CDF9253872BC00989A3F /* Base */ = {isa = PBXFileReference; lastKnownFileType = file.storyboard; name = Base; path = Base.lproj/LaunchScreen.storyboard; sourceTree = "<group>"; };
		2682CDFB253872BC00989A3F /* Info.plist */ = {isa = PBXFileReference; lastKnownFileType = text.plist.xml; path = Info.plist; sourceTree = "<group>"; };
		2682CE00253872BC00989A3F /* AssisterTests.xctest */ = {isa = PBXFileReference; explicitFileType = wrapper.cfbundle; includeInIndex = 0; path = AssisterTests.xctest; sourceTree = BUILT_PRODUCTS_DIR; };
		2682CE04253872BC00989A3F /* AssisterTests.swift */ = {isa = PBXFileReference; lastKnownFileType = sourcecode.swift; path = AssisterTests.swift; sourceTree = "<group>"; };
		2682CE06253872BC00989A3F /* Info.plist */ = {isa = PBXFileReference; lastKnownFileType = text.plist.xml; path = Info.plist; sourceTree = "<group>"; };
		2682CE0B253872BC00989A3F /* AssisterUITests.xctest */ = {isa = PBXFileReference; explicitFileType = wrapper.cfbundle; includeInIndex = 0; path = AssisterUITests.xctest; sourceTree = BUILT_PRODUCTS_DIR; };
		2682CE0F253872BC00989A3F /* AssisterUITests.swift */ = {isa = PBXFileReference; lastKnownFileType = sourcecode.swift; path = AssisterUITests.swift; sourceTree = "<group>"; };
		2682CE11253872BC00989A3F /* Info.plist */ = {isa = PBXFileReference; lastKnownFileType = text.plist.xml; path = Info.plist; sourceTree = "<group>"; };
		268E11E925461EF900E0E07B /* clock.png */ = {isa = PBXFileReference; lastKnownFileType = image.png; name = clock.png; path = ../../../../../../Downloads/clock.png; sourceTree = "<group>"; };
		26C2A5E1253885D30084966B /* LoginScreenController.swift */ = {isa = PBXFileReference; lastKnownFileType = sourcecode.swift; path = LoginScreenController.swift; sourceTree = "<group>"; };
		26C2A5E32538A2C10084966B /* UITabBar+Ext.swift */ = {isa = PBXFileReference; lastKnownFileType = sourcecode.swift; path = "UITabBar+Ext.swift"; sourceTree = "<group>"; };
		26C2A5E6253905A30084966B /* RoundedCornerView.swift */ = {isa = PBXFileReference; lastKnownFileType = sourcecode.swift; path = RoundedCornerView.swift; sourceTree = "<group>"; };
		26C2A5E825390ACF0084966B /* Colors.xcassets */ = {isa = PBXFileReference; lastKnownFileType = folder.assetcatalog; path = Colors.xcassets; sourceTree = "<group>"; };
		26C2A5F02539E1610084966B /* LoginNavigationController.swift */ = {isa = PBXFileReference; fileEncoding = 4; lastKnownFileType = sourcecode.swift; path = LoginNavigationController.swift; sourceTree = "<group>"; };
		26C2A5F52539F25F0084966B /* Setup Wizard-pana.png */ = {isa = PBXFileReference; lastKnownFileType = image.png; path = "Setup Wizard-pana.png"; sourceTree = "<group>"; };
		26C2A607253A5F300084966B /* DataService.swift */ = {isa = PBXFileReference; lastKnownFileType = sourcecode.swift; path = DataService.swift; sourceTree = "<group>"; };
		26C7610625554E0D0073ECA9 /* HttpRequests.swift */ = {isa = PBXFileReference; lastKnownFileType = sourcecode.swift; path = HttpRequests.swift; sourceTree = "<group>"; };
		26E48E372547781000964656 /* calednar-plus.png */ = {isa = PBXFileReference; lastKnownFileType = image.png; name = "calednar-plus.png"; path = "../../../../../../Downloads/calednar-plus.png"; sourceTree = "<group>"; };
		26E9A712254893FA00109274 /* SettingsViewController.swift */ = {isa = PBXFileReference; lastKnownFileType = sourcecode.swift; path = SettingsViewController.swift; sourceTree = "<group>"; };
/* End PBXFileReference section */

/* Begin PBXFrameworksBuildPhase section */
		2682CDE5253872BA00989A3F /* Frameworks */ = {
			isa = PBXFrameworksBuildPhase;
			buildActionMask = 2147483647;
			files = (
				265EC8852555C3D100C6438D /* RxCocoa in Frameworks */,
				265EC8832555C3D100C6438D /* RxSwift in Frameworks */,
			);
			runOnlyForDeploymentPostprocessing = 0;
		};
		2682CDFD253872BC00989A3F /* Frameworks */ = {
			isa = PBXFrameworksBuildPhase;
			buildActionMask = 2147483647;
			files = (
			);
			runOnlyForDeploymentPostprocessing = 0;
		};
		2682CE08253872BC00989A3F /* Frameworks */ = {
			isa = PBXFrameworksBuildPhase;
			buildActionMask = 2147483647;
			files = (
			);
			runOnlyForDeploymentPostprocessing = 0;
		};
/* End PBXFrameworksBuildPhase section */

/* Begin PBXGroup section */
		2644C14D2541B1ED0004F979 /* Resources */ = {
			isa = PBXGroup;
			children = (
				26C2A5F82539F5CA0084966B /* Fonts */,
				26C2A5E825390ACF0084966B /* Colors.xcassets */,
				2682CDF6253872BC00989A3F /* Assets.xcassets */,
				26C2A5F42539F2510084966B /* Images */,
			);
			path = Resources;
			sourceTree = "<group>";
		};
		2644C14E2541B2190004F979 /* Application */ = {
			isa = PBXGroup;
			children = (
				2682CDEB253872BA00989A3F /* AppDelegate.swift */,
				2682CDED253872BA00989A3F /* SceneDelegate.swift */,
				2682CDFB253872BC00989A3F /* Info.plist */,
			);
			path = Application;
			sourceTree = "<group>";
		};
		2644C15F2541B5E30004F979 /* Icons */ = {
			isa = PBXGroup;
			children = (
			);
			path = Icons;
			sourceTree = "<group>";
		};
		2682CDDF253872BA00989A3F = {
			isa = PBXGroup;
			children = (
				2682CDEA253872BA00989A3F /* Assister */,
				2682CE03253872BC00989A3F /* AssisterTests */,
				2682CE0E253872BC00989A3F /* AssisterUITests */,
				2682CDE9253872BA00989A3F /* Products */,
			);
			sourceTree = "<group>";
		};
		2682CDE9253872BA00989A3F /* Products */ = {
			isa = PBXGroup;
			children = (
				2682CDE8253872BA00989A3F /* Assister.app */,
				2682CE00253872BC00989A3F /* AssisterTests.xctest */,
				2682CE0B253872BC00989A3F /* AssisterUITests.xctest */,
			);
			name = Products;
			sourceTree = "<group>";
		};
		2682CDEA253872BA00989A3F /* Assister */ = {
			isa = PBXGroup;
			children = (
				26C7610525554DF00073ECA9 /* Networking */,
				2644C14E2541B2190004F979 /* Application */,
				2644C14D2541B1ED0004F979 /* Resources */,
				26C2A609253B4F490084966B /* Services */,
				26C2A5E5253904300084966B /* Extensions */,
				26C2A606253A4F100084966B /* Controllers */,
				26C2A605253A4E270084966B /* Models */,
				26C2A5EB253971660084966B /* Views */,
			);
			path = Assister;
			sourceTree = "<group>";
		};
		2682CE03253872BC00989A3F /* AssisterTests */ = {
			isa = PBXGroup;
			children = (
				2682CE04253872BC00989A3F /* AssisterTests.swift */,
				2682CE06253872BC00989A3F /* Info.plist */,
			);
			path = AssisterTests;
			sourceTree = "<group>";
		};
		2682CE0E253872BC00989A3F /* AssisterUITests */ = {
			isa = PBXGroup;
			children = (
				2682CE0F253872BC00989A3F /* AssisterUITests.swift */,
				2682CE11253872BC00989A3F /* Info.plist */,
			);
			path = AssisterUITests;
			sourceTree = "<group>";
		};
		26C2A5E5253904300084966B /* Extensions */ = {
			isa = PBXGroup;
			children = (
				26C2A5E32538A2C10084966B /* UITabBar+Ext.swift */,
				260BBAF82555ACDD00CC4454 /* UIView+Ext.swift */,
				265EC87C2555B08300C6438D /* UITextView+Ext.swift */,
			);
			path = Extensions;
			sourceTree = "<group>";
		};
		26C2A5EB253971660084966B /* Views */ = {
			isa = PBXGroup;
			children = (
				26C2A5E6253905A30084966B /* RoundedCornerView.swift */,
				2644C17925445AC70004F979 /* HomeTableViewCell.swift */,
				2640BDF0255323FE009E27C4 /* Main.storyboard */,
				2682CDF8253872BC00989A3F /* LaunchScreen.storyboard */,
			);
			path = Views;
			sourceTree = "<group>";
		};
		26C2A5F42539F2510084966B /* Images */ = {
			isa = PBXGroup;
			children = (
				2620602125481364002C923C /* calendar.png */,
				26E48E372547781000964656 /* calednar-plus.png */,
				268E11E925461EF900E0E07B /* clock.png */,
				2620601F2548132D002C923C /* home.png */,
				2644C17725431AF80004F979 /* options.png */,
				2644C17325430D770004F979 /* scheduling.png */,
				2644C1712542FAB80004F979 /* no-scheduling.png */,
				2644C16B2541DB980004F979 /* female.png */,
				2644C16C2541DB980004F979 /* male.png */,
				2644C15F2541B5E30004F979 /* Icons */,
				2644C1512541B4430004F979 /* icons8-login-100.png */,
				26C2A5F52539F25F0084966B /* Setup Wizard-pana.png */,
			);
			path = Images;
			sourceTree = "<group>";
		};
		26C2A5F82539F5CA0084966B /* Fonts */ = {
			isa = PBXGroup;
			children = (
				2644C1572541B51D0004F979 /* Nunito-Black.ttf */,
				2644C1582541B51D0004F979 /* Nunito-Bold.ttf */,
				2644C1562541B51D0004F979 /* Nunito-ExtraBold.ttf */,
				2644C1542541B51D0004F979 /* Nunito-Regular.ttf */,
				2644C1532541B51D0004F979 /* Nunito-SemiBold.ttf */,
			);
			path = Fonts;
			sourceTree = "<group>";
		};
		26C2A605253A4E270084966B /* Models */ = {
			isa = PBXGroup;
			children = (
				2644C16F2542333D0004F979 /* Consultation.swift */,
				2640BDEE2553215C009E27C4 /* User.swift */,
			);
			path = Models;
			sourceTree = "<group>";
		};
		26C2A606253A4F100084966B /* Controllers */ = {
			isa = PBXGroup;
			children = (
				2682CDF1253872BA00989A3F /* CalendarViewController.swift */,
				2682CDEF253872BA00989A3F /* HomeViewController.swift */,
				26C2A5E1253885D30084966B /* LoginScreenController.swift */,
				26C2A5F02539E1610084966B /* LoginNavigationController.swift */,
				26E9A712254893FA00109274 /* SettingsViewController.swift */,
			);
			path = Controllers;
			sourceTree = "<group>";
		};
		26C2A609253B4F490084966B /* Services */ = {
			isa = PBXGroup;
			children = (
				26C2A607253A5F300084966B /* DataService.swift */,
			);
			path = Services;
			sourceTree = "<group>";
		};
		26C7610525554DF00073ECA9 /* Networking */ = {
			isa = PBXGroup;
			children = (
				26C7610625554E0D0073ECA9 /* HttpRequests.swift */,
			);
			path = Networking;
			sourceTree = "<group>";
		};
/* End PBXGroup section */

/* Begin PBXNativeTarget section */
		2682CDE7253872BA00989A3F /* Assister */ = {
			isa = PBXNativeTarget;
			buildConfigurationList = 2682CE14253872BC00989A3F /* Build configuration list for PBXNativeTarget "Assister" */;
			buildPhases = (
				2682CDE4253872BA00989A3F /* Sources */,
				2682CDE5253872BA00989A3F /* Frameworks */,
				2682CDE6253872BA00989A3F /* Resources */,
			);
			buildRules = (
			);
			dependencies = (
			);
			name = Assister;
			packageProductDependencies = (
				265EC8822555C3D100C6438D /* RxSwift */,
				265EC8842555C3D100C6438D /* RxCocoa */,
			);
			productName = Assister;
			productReference = 2682CDE8253872BA00989A3F /* Assister.app */;
			productType = "com.apple.product-type.application";
		};
		2682CDFF253872BC00989A3F /* AssisterTests */ = {
			isa = PBXNativeTarget;
			buildConfigurationList = 2682CE17253872BC00989A3F /* Build configuration list for PBXNativeTarget "AssisterTests" */;
			buildPhases = (
				2682CDFC253872BC00989A3F /* Sources */,
				2682CDFD253872BC00989A3F /* Frameworks */,
				2682CDFE253872BC00989A3F /* Resources */,
			);
			buildRules = (
			);
			dependencies = (
				2682CE02253872BC00989A3F /* PBXTargetDependency */,
			);
			name = AssisterTests;
			productName = AssisterTests;
			productReference = 2682CE00253872BC00989A3F /* AssisterTests.xctest */;
			productType = "com.apple.product-type.bundle.unit-test";
		};
		2682CE0A253872BC00989A3F /* AssisterUITests */ = {
			isa = PBXNativeTarget;
			buildConfigurationList = 2682CE1A253872BC00989A3F /* Build configuration list for PBXNativeTarget "AssisterUITests" */;
			buildPhases = (
				2682CE07253872BC00989A3F /* Sources */,
				2682CE08253872BC00989A3F /* Frameworks */,
				2682CE09253872BC00989A3F /* Resources */,
			);
			buildRules = (
			);
			dependencies = (
				2682CE0D253872BC00989A3F /* PBXTargetDependency */,
			);
			name = AssisterUITests;
			productName = AssisterUITests;
			productReference = 2682CE0B253872BC00989A3F /* AssisterUITests.xctest */;
			productType = "com.apple.product-type.bundle.ui-testing";
		};
/* End PBXNativeTarget section */

/* Begin PBXProject section */
		2682CDE0253872BA00989A3F /* Project object */ = {
			isa = PBXProject;
			attributes = {
				LastSwiftUpdateCheck = 1130;
				LastUpgradeCheck = 1130;
				ORGANIZATIONNAME = "Sadik-Dev";
				TargetAttributes = {
					2682CDE7253872BA00989A3F = {
						CreatedOnToolsVersion = 11.3.1;
					};
					2682CDFF253872BC00989A3F = {
						CreatedOnToolsVersion = 11.3.1;
						TestTargetID = 2682CDE7253872BA00989A3F;
					};
					2682CE0A253872BC00989A3F = {
						CreatedOnToolsVersion = 11.3.1;
						TestTargetID = 2682CDE7253872BA00989A3F;
					};
				};
			};
			buildConfigurationList = 2682CDE3253872BA00989A3F /* Build configuration list for PBXProject "Assister" */;
			compatibilityVersion = "Xcode 9.3";
			developmentRegion = en;
			hasScannedForEncodings = 0;
			knownRegions = (
				en,
				Base,
			);
			mainGroup = 2682CDDF253872BA00989A3F;
			packageReferences = (
				265EC8812555C3D100C6438D /* XCRemoteSwiftPackageReference "RxSwift" */,
			);
			productRefGroup = 2682CDE9253872BA00989A3F /* Products */;
			projectDirPath = "";
			projectRoot = "";
			targets = (
				2682CDE7253872BA00989A3F /* Assister */,
				2682CDFF253872BC00989A3F /* AssisterTests */,
				2682CE0A253872BC00989A3F /* AssisterUITests */,
			);
		};
/* End PBXProject section */

/* Begin PBXResourcesBuildPhase section */
		2682CDE6253872BA00989A3F /* Resources */ = {
			isa = PBXResourcesBuildPhase;
			buildActionMask = 2147483647;
			files = (
				2640BDF2255323FE009E27C4 /* Main.storyboard in Resources */,
				2644C1592541B51D0004F979 /* Nunito-SemiBold.ttf in Resources */,
				2644C1522541B4430004F979 /* icons8-login-100.png in Resources */,
				268E11EA25461EF900E0E07B /* clock.png in Resources */,
				2644C1722542FAB80004F979 /* no-scheduling.png in Resources */,
				2644C15A2541B51D0004F979 /* Nunito-Regular.ttf in Resources */,
				2620602225481364002C923C /* calendar.png in Resources */,
				2682CDFA253872BC00989A3F /* LaunchScreen.storyboard in Resources */,
				2644C17425430D770004F979 /* scheduling.png in Resources */,
				26C2A604253A4C930084966B /* Setup Wizard-pana.png in Resources */,
				2644C17825431AF80004F979 /* options.png in Resources */,
				2644C15D2541B51D0004F979 /* Nunito-Black.ttf in Resources */,
				26C2A5E925390ACF0084966B /* Colors.xcassets in Resources */,
				2644C15C2541B51D0004F979 /* Nunito-ExtraBold.ttf in Resources */,
				2682CDF7253872BC00989A3F /* Assets.xcassets in Resources */,
				2644C16E2541DB980004F979 /* male.png in Resources */,
				262060202548132D002C923C /* home.png in Resources */,
				2644C16D2541DB980004F979 /* female.png in Resources */,
				2644C15E2541B51D0004F979 /* Nunito-Bold.ttf in Resources */,
				26E48E382547781000964656 /* calednar-plus.png in Resources */,
			);
			runOnlyForDeploymentPostprocessing = 0;
		};
		2682CDFE253872BC00989A3F /* Resources */ = {
			isa = PBXResourcesBuildPhase;
			buildActionMask = 2147483647;
			files = (
			);
			runOnlyForDeploymentPostprocessing = 0;
		};
		2682CE09253872BC00989A3F /* Resources */ = {
			isa = PBXResourcesBuildPhase;
			buildActionMask = 2147483647;
			files = (
			);
			runOnlyForDeploymentPostprocessing = 0;
		};
/* End PBXResourcesBuildPhase section */

/* Begin PBXSourcesBuildPhase section */
		2682CDE4253872BA00989A3F /* Sources */ = {
			isa = PBXSourcesBuildPhase;
			buildActionMask = 2147483647;
			files = (
				26C7610725554E0D0073ECA9 /* HttpRequests.swift in Sources */,
				2682CDF2253872BA00989A3F /* CalendarViewController.swift in Sources */,
				2682CDF0253872BA00989A3F /* HomeViewController.swift in Sources */,
				2644C1702542333D0004F979 /* Consultation.swift in Sources */,
				260BBAF92555ACDD00CC4454 /* UIView+Ext.swift in Sources */,
				2682CDEC253872BA00989A3F /* AppDelegate.swift in Sources */,
				260BBAFA2555AE8400CC4454 /* RoundedCornerView.swift in Sources */,
				26C2A5E42538A2C10084966B /* UITabBar+Ext.swift in Sources */,
				2640BDEF2553215C009E27C4 /* User.swift in Sources */,
				265EC87D2555B08300C6438D /* UITextView+Ext.swift in Sources */,
				2644C17B25445AC70004F979 /* HomeTableViewCell.swift in Sources */,
				26C2A5E2253885D30084966B /* LoginScreenController.swift in Sources */,
				2682CDEE253872BA00989A3F /* SceneDelegate.swift in Sources */,
				26C2A608253A5F300084966B /* DataService.swift in Sources */,
				26E9A713254893FA00109274 /* SettingsViewController.swift in Sources */,
				26C2A5F12539E1610084966B /* LoginNavigationController.swift in Sources */,
			);
			runOnlyForDeploymentPostprocessing = 0;
		};
		2682CDFC253872BC00989A3F /* Sources */ = {
			isa = PBXSourcesBuildPhase;
			buildActionMask = 2147483647;
			files = (
				2682CE05253872BC00989A3F /* AssisterTests.swift in Sources */,
			);
			runOnlyForDeploymentPostprocessing = 0;
		};
		2682CE07253872BC00989A3F /* Sources */ = {
			isa = PBXSourcesBuildPhase;
			buildActionMask = 2147483647;
			files = (
				2682CE10253872BC00989A3F /* AssisterUITests.swift in Sources */,
			);
			runOnlyForDeploymentPostprocessing = 0;
		};
/* End PBXSourcesBuildPhase section */

/* Begin PBXTargetDependency section */
		2682CE02253872BC00989A3F /* PBXTargetDependency */ = {
			isa = PBXTargetDependency;
			target = 2682CDE7253872BA00989A3F /* Assister */;
			targetProxy = 2682CE01253872BC00989A3F /* PBXContainerItemProxy */;
		};
		2682CE0D253872BC00989A3F /* PBXTargetDependency */ = {
			isa = PBXTargetDependency;
			target = 2682CDE7253872BA00989A3F /* Assister */;
			targetProxy = 2682CE0C253872BC00989A3F /* PBXContainerItemProxy */;
		};
/* End PBXTargetDependency section */

/* Begin PBXVariantGroup section */
		2640BDF0255323FE009E27C4 /* Main.storyboard */ = {
			isa = PBXVariantGroup;
			children = (
				2640BDF1255323FE009E27C4 /* Base */,
			);
			name = Main.storyboard;
			sourceTree = "<group>";
		};
		2682CDF8253872BC00989A3F /* LaunchScreen.storyboard */ = {
			isa = PBXVariantGroup;
			children = (
				2682CDF9253872BC00989A3F /* Base */,
			);
			name = LaunchScreen.storyboard;
			sourceTree = "<group>";
		};
/* End PBXVariantGroup section */

/* Begin XCBuildConfiguration section */
		2682CE12253872BC00989A3F /* Debug */ = {
			isa = XCBuildConfiguration;
			buildSettings = {
				ALWAYS_SEARCH_USER_PATHS = NO;
				CLANG_ANALYZER_NONNULL = YES;
				CLANG_ANALYZER_NUMBER_OBJECT_CONVERSION = YES_AGGRESSIVE;
				CLANG_CXX_LANGUAGE_STANDARD = "gnu++14";
				CLANG_CXX_LIBRARY = "libc++";
				CLANG_ENABLE_MODULES = YES;
				CLANG_ENABLE_OBJC_ARC = YES;
				CLANG_ENABLE_OBJC_WEAK = YES;
				CLANG_WARN_BLOCK_CAPTURE_AUTORELEASING = YES;
				CLANG_WARN_BOOL_CONVERSION = YES;
				CLANG_WARN_COMMA = YES;
				CLANG_WARN_CONSTANT_CONVERSION = YES;
				CLANG_WARN_DEPRECATED_OBJC_IMPLEMENTATIONS = YES;
				CLANG_WARN_DIRECT_OBJC_ISA_USAGE = YES_ERROR;
				CLANG_WARN_DOCUMENTATION_COMMENTS = YES;
				CLANG_WARN_EMPTY_BODY = YES;
				CLANG_WARN_ENUM_CONVERSION = YES;
				CLANG_WARN_INFINITE_RECURSION = YES;
				CLANG_WARN_INT_CONVERSION = YES;
				CLANG_WARN_NON_LITERAL_NULL_CONVERSION = YES;
				CLANG_WARN_OBJC_IMPLICIT_RETAIN_SELF = YES;
				CLANG_WARN_OBJC_LITERAL_CONVERSION = YES;
				CLANG_WARN_OBJC_ROOT_CLASS = YES_ERROR;
				CLANG_WARN_RANGE_LOOP_ANALYSIS = YES;
				CLANG_WARN_STRICT_PROTOTYPES = YES;
				CLANG_WARN_SUSPICIOUS_MOVE = YES;
				CLANG_WARN_UNGUARDED_AVAILABILITY = YES_AGGRESSIVE;
				CLANG_WARN_UNREACHABLE_CODE = YES;
				CLANG_WARN__DUPLICATE_METHOD_MATCH = YES;
				COPY_PHASE_STRIP = NO;
				DEBUG_INFORMATION_FORMAT = dwarf;
				ENABLE_STRICT_OBJC_MSGSEND = YES;
				ENABLE_TESTABILITY = YES;
				GCC_C_LANGUAGE_STANDARD = gnu11;
				GCC_DYNAMIC_NO_PIC = NO;
				GCC_NO_COMMON_BLOCKS = YES;
				GCC_OPTIMIZATION_LEVEL = 0;
				GCC_PREPROCESSOR_DEFINITIONS = (
					"DEBUG=1",
					"$(inherited)",
				);
				GCC_WARN_64_TO_32_BIT_CONVERSION = YES;
				GCC_WARN_ABOUT_RETURN_TYPE = YES_ERROR;
				GCC_WARN_UNDECLARED_SELECTOR = YES;
				GCC_WARN_UNINITIALIZED_AUTOS = YES_AGGRESSIVE;
				GCC_WARN_UNUSED_FUNCTION = YES;
				GCC_WARN_UNUSED_VARIABLE = YES;
				IPHONEOS_DEPLOYMENT_TARGET = 13.2;
				MTL_ENABLE_DEBUG_INFO = INCLUDE_SOURCE;
				MTL_FAST_MATH = YES;
				ONLY_ACTIVE_ARCH = YES;
				SDKROOT = iphoneos;
				SWIFT_ACTIVE_COMPILATION_CONDITIONS = DEBUG;
				SWIFT_OPTIMIZATION_LEVEL = "-Onone";
			};
			name = Debug;
		};
		2682CE13253872BC00989A3F /* Release */ = {
			isa = XCBuildConfiguration;
			buildSettings = {
				ALWAYS_SEARCH_USER_PATHS = NO;
				CLANG_ANALYZER_NONNULL = YES;
				CLANG_ANALYZER_NUMBER_OBJECT_CONVERSION = YES_AGGRESSIVE;
				CLANG_CXX_LANGUAGE_STANDARD = "gnu++14";
				CLANG_CXX_LIBRARY = "libc++";
				CLANG_ENABLE_MODULES = YES;
				CLANG_ENABLE_OBJC_ARC = YES;
				CLANG_ENABLE_OBJC_WEAK = YES;
				CLANG_WARN_BLOCK_CAPTURE_AUTORELEASING = YES;
				CLANG_WARN_BOOL_CONVERSION = YES;
				CLANG_WARN_COMMA = YES;
				CLANG_WARN_CONSTANT_CONVERSION = YES;
				CLANG_WARN_DEPRECATED_OBJC_IMPLEMENTATIONS = YES;
				CLANG_WARN_DIRECT_OBJC_ISA_USAGE = YES_ERROR;
				CLANG_WARN_DOCUMENTATION_COMMENTS = YES;
				CLANG_WARN_EMPTY_BODY = YES;
				CLANG_WARN_ENUM_CONVERSION = YES;
				CLANG_WARN_INFINITE_RECURSION = YES;
				CLANG_WARN_INT_CONVERSION = YES;
				CLANG_WARN_NON_LITERAL_NULL_CONVERSION = YES;
				CLANG_WARN_OBJC_IMPLICIT_RETAIN_SELF = YES;
				CLANG_WARN_OBJC_LITERAL_CONVERSION = YES;
				CLANG_WARN_OBJC_ROOT_CLASS = YES_ERROR;
				CLANG_WARN_RANGE_LOOP_ANALYSIS = YES;
				CLANG_WARN_STRICT_PROTOTYPES = YES;
				CLANG_WARN_SUSPICIOUS_MOVE = YES;
				CLANG_WARN_UNGUARDED_AVAILABILITY = YES_AGGRESSIVE;
				CLANG_WARN_UNREACHABLE_CODE = YES;
				CLANG_WARN__DUPLICATE_METHOD_MATCH = YES;
				COPY_PHASE_STRIP = NO;
				DEBUG_INFORMATION_FORMAT = "dwarf-with-dsym";
				ENABLE_NS_ASSERTIONS = NO;
				ENABLE_STRICT_OBJC_MSGSEND = YES;
				GCC_C_LANGUAGE_STANDARD = gnu11;
				GCC_NO_COMMON_BLOCKS = YES;
				GCC_WARN_64_TO_32_BIT_CONVERSION = YES;
				GCC_WARN_ABOUT_RETURN_TYPE = YES_ERROR;
				GCC_WARN_UNDECLARED_SELECTOR = YES;
				GCC_WARN_UNINITIALIZED_AUTOS = YES_AGGRESSIVE;
				GCC_WARN_UNUSED_FUNCTION = YES;
				GCC_WARN_UNUSED_VARIABLE = YES;
				IPHONEOS_DEPLOYMENT_TARGET = 13.2;
				MTL_ENABLE_DEBUG_INFO = NO;
				MTL_FAST_MATH = YES;
				SDKROOT = iphoneos;
				SWIFT_COMPILATION_MODE = wholemodule;
				SWIFT_OPTIMIZATION_LEVEL = "-O";
				VALIDATE_PRODUCT = YES;
			};
			name = Release;
		};
		2682CE15253872BC00989A3F /* Debug */ = {
			isa = XCBuildConfiguration;
			buildSettings = {
				ASSETCATALOG_COMPILER_APPICON_NAME = AppIcon;
				CODE_SIGN_STYLE = Automatic;
				INFOPLIST_FILE = Assister/Application/Info.plist;
				LD_RUNPATH_SEARCH_PATHS = (
					"$(inherited)",
					"@executable_path/Frameworks",
				);
				PRODUCT_BUNDLE_IDENTIFIER = "Sadik-Dev.Assister";
				PRODUCT_NAME = "$(TARGET_NAME)";
				SWIFT_VERSION = 5.0;
				TARGETED_DEVICE_FAMILY = "1,2";
			};
			name = Debug;
		};
		2682CE16253872BC00989A3F /* Release */ = {
			isa = XCBuildConfiguration;
			buildSettings = {
				ASSETCATALOG_COMPILER_APPICON_NAME = AppIcon;
				CODE_SIGN_STYLE = Automatic;
				INFOPLIST_FILE = Assister/Application/Info.plist;
				LD_RUNPATH_SEARCH_PATHS = (
					"$(inherited)",
					"@executable_path/Frameworks",
				);
				PRODUCT_BUNDLE_IDENTIFIER = "Sadik-Dev.Assister";
				PRODUCT_NAME = "$(TARGET_NAME)";
				SWIFT_VERSION = 5.0;
				TARGETED_DEVICE_FAMILY = "1,2";
			};
			name = Release;
		};
		2682CE18253872BC00989A3F /* Debug */ = {
			isa = XCBuildConfiguration;
			buildSettings = {
				ALWAYS_EMBED_SWIFT_STANDARD_LIBRARIES = YES;
				BUNDLE_LOADER = "$(TEST_HOST)";
				CODE_SIGN_STYLE = Automatic;
				INFOPLIST_FILE = AssisterTests/Info.plist;
				IPHONEOS_DEPLOYMENT_TARGET = 13.2;
				LD_RUNPATH_SEARCH_PATHS = (
					"$(inherited)",
					"@executable_path/Frameworks",
					"@loader_path/Frameworks",
				);
				PRODUCT_BUNDLE_IDENTIFIER = "Sadik-Dev.AssisterTests";
				PRODUCT_NAME = "$(TARGET_NAME)";
				SWIFT_VERSION = 5.0;
				TARGETED_DEVICE_FAMILY = "1,2";
				TEST_HOST = "$(BUILT_PRODUCTS_DIR)/Assister.app/Assister";
			};
			name = Debug;
		};
		2682CE19253872BC00989A3F /* Release */ = {
			isa = XCBuildConfiguration;
			buildSettings = {
				ALWAYS_EMBED_SWIFT_STANDARD_LIBRARIES = YES;
				BUNDLE_LOADER = "$(TEST_HOST)";
				CODE_SIGN_STYLE = Automatic;
				INFOPLIST_FILE = AssisterTests/Info.plist;
				IPHONEOS_DEPLOYMENT_TARGET = 13.2;
				LD_RUNPATH_SEARCH_PATHS = (
					"$(inherited)",
					"@executable_path/Frameworks",
					"@loader_path/Frameworks",
				);
				PRODUCT_BUNDLE_IDENTIFIER = "Sadik-Dev.AssisterTests";
				PRODUCT_NAME = "$(TARGET_NAME)";
				SWIFT_VERSION = 5.0;
				TARGETED_DEVICE_FAMILY = "1,2";
				TEST_HOST = "$(BUILT_PRODUCTS_DIR)/Assister.app/Assister";
			};
			name = Release;
		};
		2682CE1B253872BC00989A3F /* Debug */ = {
			isa = XCBuildConfiguration;
			buildSettings = {
				ALWAYS_EMBED_SWIFT_STANDARD_LIBRARIES = YES;
				CODE_SIGN_STYLE = Automatic;
				INFOPLIST_FILE = AssisterUITests/Info.plist;
				LD_RUNPATH_SEARCH_PATHS = (
					"$(inherited)",
					"@executable_path/Frameworks",
					"@loader_path/Frameworks",
				);
				PRODUCT_BUNDLE_IDENTIFIER = "Sadik-Dev.AssisterUITests";
				PRODUCT_NAME = "$(TARGET_NAME)";
				SWIFT_VERSION = 5.0;
				TARGETED_DEVICE_FAMILY = "1,2";
				TEST_TARGET_NAME = Assister;
			};
			name = Debug;
		};
		2682CE1C253872BC00989A3F /* Release */ = {
			isa = XCBuildConfiguration;
			buildSettings = {
				ALWAYS_EMBED_SWIFT_STANDARD_LIBRARIES = YES;
				CODE_SIGN_STYLE = Automatic;
				INFOPLIST_FILE = AssisterUITests/Info.plist;
				LD_RUNPATH_SEARCH_PATHS = (
					"$(inherited)",
					"@executable_path/Frameworks",
					"@loader_path/Frameworks",
				);
				PRODUCT_BUNDLE_IDENTIFIER = "Sadik-Dev.AssisterUITests";
				PRODUCT_NAME = "$(TARGET_NAME)";
				SWIFT_VERSION = 5.0;
				TARGETED_DEVICE_FAMILY = "1,2";
				TEST_TARGET_NAME = Assister;
			};
			name = Release;
		};
/* End XCBuildConfiguration section */

/* Begin XCConfigurationList section */
		2682CDE3253872BA00989A3F /* Build configuration list for PBXProject "Assister" */ = {
			isa = XCConfigurationList;
			buildConfigurations = (
				2682CE12253872BC00989A3F /* Debug */,
				2682CE13253872BC00989A3F /* Release */,
			);
			defaultConfigurationIsVisible = 0;
			defaultConfigurationName = Release;
		};
		2682CE14253872BC00989A3F /* Build configuration list for PBXNativeTarget "Assister" */ = {
			isa = XCConfigurationList;
			buildConfigurations = (
				2682CE15253872BC00989A3F /* Debug */,
				2682CE16253872BC00989A3F /* Release */,
			);
			defaultConfigurationIsVisible = 0;
			defaultConfigurationName = Release;
		};
		2682CE17253872BC00989A3F /* Build configuration list for PBXNativeTarget "AssisterTests" */ = {
			isa = XCConfigurationList;
			buildConfigurations = (
				2682CE18253872BC00989A3F /* Debug */,
				2682CE19253872BC00989A3F /* Release */,
			);
			defaultConfigurationIsVisible = 0;
			defaultConfigurationName = Release;
		};
		2682CE1A253872BC00989A3F /* Build configuration list for PBXNativeTarget "AssisterUITests" */ = {
			isa = XCConfigurationList;
			buildConfigurations = (
				2682CE1B253872BC00989A3F /* Debug */,
				2682CE1C253872BC00989A3F /* Release */,
			);
			defaultConfigurationIsVisible = 0;
			defaultConfigurationName = Release;
		};
/* End XCConfigurationList section */

/* Begin XCRemoteSwiftPackageReference section */
		265EC8812555C3D100C6438D /* XCRemoteSwiftPackageReference "RxSwift" */ = {
			isa = XCRemoteSwiftPackageReference;
			repositoryURL = "https://github.com/ReactiveX/RxSwift";
			requirement = {
				kind = upToNextMajorVersion;
				minimumVersion = 5.1.1;
			};
		};
/* End XCRemoteSwiftPackageReference section */

/* Begin XCSwiftPackageProductDependency section */
		265EC8822555C3D100C6438D /* RxSwift */ = {
			isa = XCSwiftPackageProductDependency;
			package = 265EC8812555C3D100C6438D /* XCRemoteSwiftPackageReference "RxSwift" */;
			productName = RxSwift;
		};
		265EC8842555C3D100C6438D /* RxCocoa */ = {
			isa = XCSwiftPackageProductDependency;
			package = 265EC8812555C3D100C6438D /* XCRemoteSwiftPackageReference "RxSwift" */;
			productName = RxCocoa;
		};
/* End XCSwiftPackageProductDependency section */
	};
	rootObject = 2682CDE0253872BA00989A3F /* Project object */;
}
