// !$*UTF8*$!
{
	archiveVersion = 1;
	classes = {
	};
	objectVersion = 50;
	objects = {

/* Begin PBXBuildFile section */
		2682CDEC253872BA00989A3F /* AppDelegate.swift in Sources */ = {isa = PBXBuildFile; fileRef = 2682CDEB253872BA00989A3F /* AppDelegate.swift */; };
		2682CDEE253872BA00989A3F /* SceneDelegate.swift in Sources */ = {isa = PBXBuildFile; fileRef = 2682CDED253872BA00989A3F /* SceneDelegate.swift */; };
		2682CDF0253872BA00989A3F /* FirstViewController.swift in Sources */ = {isa = PBXBuildFile; fileRef = 2682CDEF253872BA00989A3F /* FirstViewController.swift */; };
		2682CDF2253872BA00989A3F /* SecondViewController.swift in Sources */ = {isa = PBXBuildFile; fileRef = 2682CDF1253872BA00989A3F /* SecondViewController.swift */; };
		2682CDF5253872BA00989A3F /* Main.storyboard in Resources */ = {isa = PBXBuildFile; fileRef = 2682CDF3253872BA00989A3F /* Main.storyboard */; };
		2682CDF7253872BC00989A3F /* Assets.xcassets in Resources */ = {isa = PBXBuildFile; fileRef = 2682CDF6253872BC00989A3F /* Assets.xcassets */; };
		2682CDFA253872BC00989A3F /* LaunchScreen.storyboard in Resources */ = {isa = PBXBuildFile; fileRef = 2682CDF8253872BC00989A3F /* LaunchScreen.storyboard */; };
		2682CE05253872BC00989A3F /* AssisterTests.swift in Sources */ = {isa = PBXBuildFile; fileRef = 2682CE04253872BC00989A3F /* AssisterTests.swift */; };
		2682CE10253872BC00989A3F /* AssisterUITests.swift in Sources */ = {isa = PBXBuildFile; fileRef = 2682CE0F253872BC00989A3F /* AssisterUITests.swift */; };
		26C2A5E2253885D30084966B /* LoginScreenController.swift in Sources */ = {isa = PBXBuildFile; fileRef = 26C2A5E1253885D30084966B /* LoginScreenController.swift */; };
		26C2A5E42538A2C10084966B /* UITabBar+Ext.swift in Sources */ = {isa = PBXBuildFile; fileRef = 26C2A5E32538A2C10084966B /* UITabBar+Ext.swift */; };
		26C2A5E7253905A30084966B /* RoundedCornerView.swift in Sources */ = {isa = PBXBuildFile; fileRef = 26C2A5E6253905A30084966B /* RoundedCornerView.swift */; };
		26C2A5E925390ACF0084966B /* Colors.xcassets in Resources */ = {isa = PBXBuildFile; fileRef = 26C2A5E825390ACF0084966B /* Colors.xcassets */; };
		26C2A5F12539E1610084966B /* LoginNavigationController.swift in Sources */ = {isa = PBXBuildFile; fileRef = 26C2A5F02539E1610084966B /* LoginNavigationController.swift */; };
		26C2A5F72539F3430084966B /* icons8-login-100.png in Resources */ = {isa = PBXBuildFile; fileRef = 26C2A5F62539F3430084966B /* icons8-login-100.png */; };
		26C2A5FF2539F7550084966B /* Nunito-Black.ttf in Resources */ = {isa = PBXBuildFile; fileRef = 26C2A5FD2539F5F80084966B /* Nunito-Black.ttf */; };
		26C2A6002539F7580084966B /* Nunito-Bold.ttf in Resources */ = {isa = PBXBuildFile; fileRef = 26C2A5FC2539F5F80084966B /* Nunito-Bold.ttf */; };
		26C2A6012539F75B0084966B /* Nunito-ExtraBold.ttf in Resources */ = {isa = PBXBuildFile; fileRef = 26C2A5F92539F5F80084966B /* Nunito-ExtraBold.ttf */; };
		26C2A6022539F75E0084966B /* Nunito-Regular.ttf in Resources */ = {isa = PBXBuildFile; fileRef = 26C2A5FA2539F5F80084966B /* Nunito-Regular.ttf */; };
		26C2A6032539F7610084966B /* Nunito-SemiBold.ttf in Resources */ = {isa = PBXBuildFile; fileRef = 26C2A5FB2539F5F80084966B /* Nunito-SemiBold.ttf */; };
		26C2A604253A4C930084966B /* Setup Wizard-pana.png in Resources */ = {isa = PBXBuildFile; fileRef = 26C2A5F52539F25F0084966B /* Setup Wizard-pana.png */; };
		26C2A608253A5F300084966B /* DataService.swift in Sources */ = {isa = PBXBuildFile; fileRef = 26C2A607253A5F300084966B /* DataService.swift */; };
		26C2A60C253B8F400084966B /* UserData.xcdatamodeld in Sources */ = {isa = PBXBuildFile; fileRef = 26C2A60A253B8F400084966B /* UserData.xcdatamodeld */; };
/* End PBXBuildFile section */

/* Begin PBXContainerItemProxy section */
		2682CE01253872BC00989A3F /* PBXContainerItemProxy */ = {
			isa = PBXContainerItemProxy;
			containerPortal = 2682CDE0253872BA00989A3F /* Project object */;
			proxyType = 1;
			remoteGlobalIDString = 2682CDE7253872BA00989A3F;
			remoteInfo = Assister;
		};
		2682CE0C253872BC00989A3F /* PBXContainerItemProxy */ = {
			isa = PBXContainerItemProxy;
			containerPortal = 2682CDE0253872BA00989A3F /* Project object */;
			proxyType = 1;
			remoteGlobalIDString = 2682CDE7253872BA00989A3F;
			remoteInfo = Assister;
		};
/* End PBXContainerItemProxy section */

/* Begin PBXFileReference section */
		2682CDE8253872BA00989A3F /* Assister.app */ = {isa = PBXFileReference; explicitFileType = wrapper.application; includeInIndex = 0; path = Assister.app; sourceTree = BUILT_PRODUCTS_DIR; };
		2682CDEB253872BA00989A3F /* AppDelegate.swift */ = {isa = PBXFileReference; lastKnownFileType = sourcecode.swift; path = AppDelegate.swift; sourceTree = "<group>"; };
		2682CDED253872BA00989A3F /* SceneDelegate.swift */ = {isa = PBXFileReference; lastKnownFileType = sourcecode.swift; path = SceneDelegate.swift; sourceTree = "<group>"; };
		2682CDEF253872BA00989A3F /* FirstViewController.swift */ = {isa = PBXFileReference; lastKnownFileType = sourcecode.swift; path = FirstViewController.swift; sourceTree = "<group>"; };
		2682CDF1253872BA00989A3F /* SecondViewController.swift */ = {isa = PBXFileReference; lastKnownFileType = sourcecode.swift; path = SecondViewController.swift; sourceTree = "<group>"; };
		2682CDF4253872BA00989A3F /* Base */ = {isa = PBXFileReference; lastKnownFileType = file.storyboard; name = Base; path = Base.lproj/Main.storyboard; sourceTree = "<group>"; };
		2682CDF6253872BC00989A3F /* Assets.xcassets */ = {isa = PBXFileReference; lastKnownFileType = folder.assetcatalog; path = Assets.xcassets; sourceTree = "<group>"; };
		2682CDF9253872BC00989A3F /* Base */ = {isa = PBXFileReference; lastKnownFileType = file.storyboard; name = Base; path = Base.lproj/LaunchScreen.storyboard; sourceTree = "<group>"; };
		2682CDFB253872BC00989A3F /* Info.plist */ = {isa = PBXFileReference; lastKnownFileType = text.plist.xml; path = Info.plist; sourceTree = "<group>"; };
		2682CE00253872BC00989A3F /* AssisterTests.xctest */ = {isa = PBXFileReference; explicitFileType = wrapper.cfbundle; includeInIndex = 0; path = AssisterTests.xctest; sourceTree = BUILT_PRODUCTS_DIR; };
		2682CE04253872BC00989A3F /* AssisterTests.swift */ = {isa = PBXFileReference; lastKnownFileType = sourcecode.swift; path = AssisterTests.swift; sourceTree = "<group>"; };
		2682CE06253872BC00989A3F /* Info.plist */ = {isa = PBXFileReference; lastKnownFileType = text.plist.xml; path = Info.plist; sourceTree = "<group>"; };
		2682CE0B253872BC00989A3F /* AssisterUITests.xctest */ = {isa = PBXFileReference; explicitFileType = wrapper.cfbundle; includeInIndex = 0; path = AssisterUITests.xctest; sourceTree = BUILT_PRODUCTS_DIR; };
		2682CE0F253872BC00989A3F /* AssisterUITests.swift */ = {isa = PBXFileReference; lastKnownFileType = sourcecode.swift; path = AssisterUITests.swift; sourceTree = "<group>"; };
		2682CE11253872BC00989A3F /* Info.plist */ = {isa = PBXFileReference; lastKnownFileType = text.plist.xml; path = Info.plist; sourceTree = "<group>"; };
		26C2A5E1253885D30084966B /* LoginScreenController.swift */ = {isa = PBXFileReference; lastKnownFileType = sourcecode.swift; path = LoginScreenController.swift; sourceTree = "<group>"; };
		26C2A5E32538A2C10084966B /* UITabBar+Ext.swift */ = {isa = PBXFileReference; lastKnownFileType = sourcecode.swift; path = "UITabBar+Ext.swift"; sourceTree = "<group>"; };
		26C2A5E6253905A30084966B /* RoundedCornerView.swift */ = {isa = PBXFileReference; lastKnownFileType = sourcecode.swift; path = RoundedCornerView.swift; sourceTree = "<group>"; };
		26C2A5E825390ACF0084966B /* Colors.xcassets */ = {isa = PBXFileReference; lastKnownFileType = folder.assetcatalog; path = Colors.xcassets; sourceTree = "<group>"; };
		26C2A5F02539E1610084966B /* LoginNavigationController.swift */ = {isa = PBXFileReference; fileEncoding = 4; lastKnownFileType = sourcecode.swift; path = LoginNavigationController.swift; sourceTree = "<group>"; };
		26C2A5F52539F25F0084966B /* Setup Wizard-pana.png */ = {isa = PBXFileReference; lastKnownFileType = image.png; path = "Setup Wizard-pana.png"; sourceTree = "<group>"; };
		26C2A5F62539F3430084966B /* icons8-login-100.png */ = {isa = PBXFileReference; lastKnownFileType = image.png; name = "icons8-login-100.png"; path = "../../../../OneDrive/AssisterDesign/icons8-login-100.png"; sourceTree = "<group>"; };
		26C2A5F92539F5F80084966B /* Nunito-ExtraBold.ttf */ = {isa = PBXFileReference; lastKnownFileType = file; name = "Nunito-ExtraBold.ttf"; path = "../../../../Downloads/Nunito/Nunito-ExtraBold.ttf"; sourceTree = "<group>"; };
		26C2A5FA2539F5F80084966B /* Nunito-Regular.ttf */ = {isa = PBXFileReference; lastKnownFileType = file; name = "Nunito-Regular.ttf"; path = "../../../../Downloads/Nunito/Nunito-Regular.ttf"; sourceTree = "<group>"; };
		26C2A5FB2539F5F80084966B /* Nunito-SemiBold.ttf */ = {isa = PBXFileReference; lastKnownFileType = file; name = "Nunito-SemiBold.ttf"; path = "../../../../Downloads/Nunito/Nunito-SemiBold.ttf"; sourceTree = "<group>"; };
		26C2A5FC2539F5F80084966B /* Nunito-Bold.ttf */ = {isa = PBXFileReference; lastKnownFileType = file; name = "Nunito-Bold.ttf"; path = "../../../../Downloads/Nunito/Nunito-Bold.ttf"; sourceTree = "<group>"; };
		26C2A5FD2539F5F80084966B /* Nunito-Black.ttf */ = {isa = PBXFileReference; lastKnownFileType = file; name = "Nunito-Black.ttf"; path = "../../../../Downloads/Nunito/Nunito-Black.ttf"; sourceTree = "<group>"; };
		26C2A607253A5F300084966B /* DataService.swift */ = {isa = PBXFileReference; lastKnownFileType = sourcecode.swift; path = DataService.swift; sourceTree = "<group>"; };
		26C2A60B253B8F400084966B /* UserData.xcdatamodel */ = {isa = PBXFileReference; lastKnownFileType = wrapper.xcdatamodel; path = UserData.xcdatamodel; sourceTree = "<group>"; };
/* End PBXFileReference section */

/* Begin PBXFrameworksBuildPhase section */
		2682CDE5253872BA00989A3F /* Frameworks */ = {
			isa = PBXFrameworksBuildPhase;
			buildActionMask = 2147483647;
			files = (
			);
			runOnlyForDeploymentPostprocessing = 0;
		};
		2682CDFD253872BC00989A3F /* Frameworks */ = {
			isa = PBXFrameworksBuildPhase;
			buildActionMask = 2147483647;
			files = (
			);
			runOnlyForDeploymentPostprocessing = 0;
		};
		2682CE08253872BC00989A3F /* Frameworks */ = {
			isa = PBXFrameworksBuildPhase;
			buildActionMask = 2147483647;
			files = (
			);
			runOnlyForDeploymentPostprocessing = 0;
		};
/* End PBXFrameworksBuildPhase section */

/* Begin PBXGroup section */
		2682CDDF253872BA00989A3F = {
			isa = PBXGroup;
			children = (
				26C2A5F82539F5CA0084966B /* fonts */,
				2682CDEA253872BA00989A3F /* Assister */,
				2682CE03253872BC00989A3F /* AssisterTests */,
				2682CE0E253872BC00989A3F /* AssisterUITests */,
				2682CDE9253872BA00989A3F /* Products */,
			);
			sourceTree = "<group>";
		};
		2682CDE9253872BA00989A3F /* Products */ = {
			isa = PBXGroup;
			children = (
				2682CDE8253872BA00989A3F /* Assister.app */,
				2682CE00253872BC00989A3F /* AssisterTests.xctest */,
				2682CE0B253872BC00989A3F /* AssisterUITests.xctest */,
			);
			name = Products;
			sourceTree = "<group>";
		};
		2682CDEA253872BA00989A3F /* Assister */ = {
			isa = PBXGroup;
			children = (
				2682CDEB253872BA00989A3F /* AppDelegate.swift */,
				2682CDED253872BA00989A3F /* SceneDelegate.swift */,
				26C2A609253B4F490084966B /* Services */,
				26C2A5E5253904300084966B /* Extensions */,
				26C2A5E825390ACF0084966B /* Colors.xcassets */,
				2682CDF6253872BC00989A3F /* Assets.xcassets */,
				26C2A606253A4F100084966B /* Controllers */,
				26C2A605253A4E270084966B /* Models */,
				26C2A5F42539F2510084966B /* Images */,
				26C2A5EB253971660084966B /* View */,
				2682CDFB253872BC00989A3F /* Info.plist */,
			);
			path = Assister;
			sourceTree = "<group>";
		};
		2682CE03253872BC00989A3F /* AssisterTests */ = {
			isa = PBXGroup;
			children = (
				2682CE04253872BC00989A3F /* AssisterTests.swift */,
				2682CE06253872BC00989A3F /* Info.plist */,
			);
			path = AssisterTests;
			sourceTree = "<group>";
		};
		2682CE0E253872BC00989A3F /* AssisterUITests */ = {
			isa = PBXGroup;
			children = (
				2682CE0F253872BC00989A3F /* AssisterUITests.swift */,
				2682CE11253872BC00989A3F /* Info.plist */,
			);
			path = AssisterUITests;
			sourceTree = "<group>";
		};
		26C2A5E5253904300084966B /* Extensions */ = {
			isa = PBXGroup;
			children = (
				26C2A5E32538A2C10084966B /* UITabBar+Ext.swift */,
				26C2A5E6253905A30084966B /* RoundedCornerView.swift */,
			);
			path = Extensions;
			sourceTree = "<group>";
		};
		26C2A5EB253971660084966B /* View */ = {
			isa = PBXGroup;
			children = (
				2682CDF3253872BA00989A3F /* Main.storyboard */,
				2682CDF8253872BC00989A3F /* LaunchScreen.storyboard */,
			);
			path = View;
			sourceTree = "<group>";
		};
		26C2A5F42539F2510084966B /* Images */ = {
			isa = PBXGroup;
			children = (
				26C2A5F62539F3430084966B /* icons8-login-100.png */,
				26C2A5F52539F25F0084966B /* Setup Wizard-pana.png */,
			);
			path = Images;
			sourceTree = "<group>";
		};
		26C2A5F82539F5CA0084966B /* fonts */ = {
			isa = PBXGroup;
			children = (
				26C2A5FD2539F5F80084966B /* Nunito-Black.ttf */,
				26C2A5FC2539F5F80084966B /* Nunito-Bold.ttf */,
				26C2A5F92539F5F80084966B /* Nunito-ExtraBold.ttf */,
				26C2A5FA2539F5F80084966B /* Nunito-Regular.ttf */,
				26C2A5FB2539F5F80084966B /* Nunito-SemiBold.ttf */,
			);
			path = fonts;
			sourceTree = "<group>";
		};
		26C2A605253A4E270084966B /* Models */ = {
			isa = PBXGroup;
			children = (
			);
			path = Models;
			sourceTree = "<group>";
		};
		26C2A606253A4F100084966B /* Controllers */ = {
			isa = PBXGroup;
			children = (
				2682CDF1253872BA00989A3F /* SecondViewController.swift */,
				2682CDEF253872BA00989A3F /* FirstViewController.swift */,
				26C2A5E1253885D30084966B /* LoginScreenController.swift */,
				26C2A5F02539E1610084966B /* LoginNavigationController.swift */,
			);
			path = Controllers;
			sourceTree = "<group>";
		};
		26C2A609253B4F490084966B /* Services */ = {
			isa = PBXGroup;
			children = (
				26C2A607253A5F300084966B /* DataService.swift */,
				26C2A60A253B8F400084966B /* UserData.xcdatamodeld */,
			);
			path = Services;
			sourceTree = "<group>";
		};
/* End PBXGroup section */

/* Begin PBXNativeTarget section */
		2682CDE7253872BA00989A3F /* Assister */ = {
			isa = PBXNativeTarget;
			buildConfigurationList = 2682CE14253872BC00989A3F /* Build configuration list for PBXNativeTarget "Assister" */;
			buildPhases = (
				2682CDE4253872BA00989A3F /* Sources */,
				2682CDE5253872BA00989A3F /* Frameworks */,
				2682CDE6253872BA00989A3F /* Resources */,
			);
			buildRules = (
			);
			dependencies = (
			);
			name = Assister;
			productName = Assister;
			productReference = 2682CDE8253872BA00989A3F /* Assister.app */;
			productType = "com.apple.product-type.application";
		};
		2682CDFF253872BC00989A3F /* AssisterTests */ = {
			isa = PBXNativeTarget;
			buildConfigurationList = 2682CE17253872BC00989A3F /* Build configuration list for PBXNativeTarget "AssisterTests" */;
			buildPhases = (
				2682CDFC253872BC00989A3F /* Sources */,
				2682CDFD253872BC00989A3F /* Frameworks */,
				2682CDFE253872BC00989A3F /* Resources */,
			);
			buildRules = (
			);
			dependencies = (
				2682CE02253872BC00989A3F /* PBXTargetDependency */,
			);
			name = AssisterTests;
			productName = AssisterTests;
			productReference = 2682CE00253872BC00989A3F /* AssisterTests.xctest */;
			productType = "com.apple.product-type.bundle.unit-test";
		};
		2682CE0A253872BC00989A3F /* AssisterUITests */ = {
			isa = PBXNativeTarget;
			buildConfigurationList = 2682CE1A253872BC00989A3F /* Build configuration list for PBXNativeTarget "AssisterUITests" */;
			buildPhases = (
				2682CE07253872BC00989A3F /* Sources */,
				2682CE08253872BC00989A3F /* Frameworks */,
				2682CE09253872BC00989A3F /* Resources */,
			);
			buildRules = (
			);
			dependencies = (
				2682CE0D253872BC00989A3F /* PBXTargetDependency */,
			);
			name = AssisterUITests;
			productName = AssisterUITests;
			productReference = 2682CE0B253872BC00989A3F /* AssisterUITests.xctest */;
			productType = "com.apple.product-type.bundle.ui-testing";
		};
/* End PBXNativeTarget section */

/* Begin PBXProject section */
		2682CDE0253872BA00989A3F /* Project object */ = {
			isa = PBXProject;
			attributes = {
				LastSwiftUpdateCheck = 1130;
				LastUpgradeCheck = 1130;
				ORGANIZATIONNAME = "Sadik-Dev";
				TargetAttributes = {
					2682CDE7253872BA00989A3F = {
						CreatedOnToolsVersion = 11.3.1;
					};
					2682CDFF253872BC00989A3F = {
						CreatedOnToolsVersion = 11.3.1;
						TestTargetID = 2682CDE7253872BA00989A3F;
					};
					2682CE0A253872BC00989A3F = {
						CreatedOnToolsVersion = 11.3.1;
						TestTargetID = 2682CDE7253872BA00989A3F;
					};
				};
			};
			buildConfigurationList = 2682CDE3253872BA00989A3F /* Build configuration list for PBXProject "Assister" */;
			compatibilityVersion = "Xcode 9.3";
			developmentRegion = en;
			hasScannedForEncodings = 0;
			knownRegions = (
				en,
				Base,
			);
			mainGroup = 2682CDDF253872BA00989A3F;
			productRefGroup = 2682CDE9253872BA00989A3F /* Products */;
			projectDirPath = "";
			projectRoot = "";
			targets = (
				2682CDE7253872BA00989A3F /* Assister */,
				2682CDFF253872BC00989A3F /* AssisterTests */,
				2682CE0A253872BC00989A3F /* AssisterUITests */,
			);
		};
/* End PBXProject section */

/* Begin PBXResourcesBuildPhase section */
		2682CDE6253872BA00989A3F /* Resources */ = {
			isa = PBXResourcesBuildPhase;
			buildActionMask = 2147483647;
			files = (
				26C2A6022539F75E0084966B /* Nunito-Regular.ttf in Resources */,
				2682CDFA253872BC00989A3F /* LaunchScreen.storyboard in Resources */,
				26C2A5FF2539F7550084966B /* Nunito-Black.ttf in Resources */,
				26C2A604253A4C930084966B /* Setup Wizard-pana.png in Resources */,
				26C2A5E925390ACF0084966B /* Colors.xcassets in Resources */,
				26C2A6012539F75B0084966B /* Nunito-ExtraBold.ttf in Resources */,
				26C2A6032539F7610084966B /* Nunito-SemiBold.ttf in Resources */,
				2682CDF7253872BC00989A3F /* Assets.xcassets in Resources */,
				26C2A5F72539F3430084966B /* icons8-login-100.png in Resources */,
				2682CDF5253872BA00989A3F /* Main.storyboard in Resources */,
				26C2A6002539F7580084966B /* Nunito-Bold.ttf in Resources */,
			);
			runOnlyForDeploymentPostprocessing = 0;
		};
		2682CDFE253872BC00989A3F /* Resources */ = {
			isa = PBXResourcesBuildPhase;
			buildActionMask = 2147483647;
			files = (
			);
			runOnlyForDeploymentPostprocessing = 0;
		};
		2682CE09253872BC00989A3F /* Resources */ = {
			isa = PBXResourcesBuildPhase;
			buildActionMask = 2147483647;
			files = (
			);
			runOnlyForDeploymentPostprocessing = 0;
		};
/* End PBXResourcesBuildPhase section */

/* Begin PBXSourcesBuildPhase section */
		2682CDE4253872BA00989A3F /* Sources */ = {
			isa = PBXSourcesBuildPhase;
			buildActionMask = 2147483647;
			files = (
				26C2A60C253B8F400084966B /* UserData.xcdatamodeld in Sources */,
				2682CDF2253872BA00989A3F /* SecondViewController.swift in Sources */,
				2682CDF0253872BA00989A3F /* FirstViewController.swift in Sources */,
				2682CDEC253872BA00989A3F /* AppDelegate.swift in Sources */,
				26C2A5E42538A2C10084966B /* UITabBar+Ext.swift in Sources */,
				26C2A5E2253885D30084966B /* LoginScreenController.swift in Sources */,
				2682CDEE253872BA00989A3F /* SceneDelegate.swift in Sources */,
				26C2A608253A5F300084966B /* DataService.swift in Sources */,
				26C2A5E7253905A30084966B /* RoundedCornerView.swift in Sources */,
				26C2A5F12539E1610084966B /* LoginNavigationController.swift in Sources */,
			);
			runOnlyForDeploymentPostprocessing = 0;
		};
		2682CDFC253872BC00989A3F /* Sources */ = {
			isa = PBXSourcesBuildPhase;
			buildActionMask = 2147483647;
			files = (
				2682CE05253872BC00989A3F /* AssisterTests.swift in Sources */,
			);
			runOnlyForDeploymentPostprocessing = 0;
		};
		2682CE07253872BC00989A3F /* Sources */ = {
			isa = PBXSourcesBuildPhase;
			buildActionMask = 2147483647;
			files = (
				2682CE10253872BC00989A3F /* AssisterUITests.swift in Sources */,
			);
			runOnlyForDeploymentPostprocessing = 0;
		};
/* End PBXSourcesBuildPhase section */

/* Begin PBXTargetDependency section */
		2682CE02253872BC00989A3F /* PBXTargetDependency */ = {
			isa = PBXTargetDependency;
			target = 2682CDE7253872BA00989A3F /* Assister */;
			targetProxy = 2682CE01253872BC00989A3F /* PBXContainerItemProxy */;
		};
		2682CE0D253872BC00989A3F /* PBXTargetDependency */ = {
			isa = PBXTargetDependency;
			target = 2682CDE7253872BA00989A3F /* Assister */;
			targetProxy = 2682CE0C253872BC00989A3F /* PBXContainerItemProxy */;
		};
/* End PBXTargetDependency section */

/* Begin PBXVariantGroup section */
		2682CDF3253872BA00989A3F /* Main.storyboard */ = {
			isa = PBXVariantGroup;
			children = (
				2682CDF4253872BA00989A3F /* Base */,
			);
			name = Main.storyboard;
			sourceTree = "<group>";
		};
		2682CDF8253872BC00989A3F /* LaunchScreen.storyboard */ = {
			isa = PBXVariantGroup;
			children = (
				2682CDF9253872BC00989A3F /* Base */,
			);
			name = LaunchScreen.storyboard;
			sourceTree = "<group>";
		};
/* End PBXVariantGroup section */

/* Begin XCBuildConfiguration section */
		2682CE12253872BC00989A3F /* Debug */ = {
			isa = XCBuildConfiguration;
			buildSettings = {
				ALWAYS_SEARCH_USER_PATHS = NO;
				CLANG_ANALYZER_NONNULL = YES;
				CLANG_ANALYZER_NUMBER_OBJECT_CONVERSION = YES_AGGRESSIVE;
				CLANG_CXX_LANGUAGE_STANDARD = "gnu++14";
				CLANG_CXX_LIBRARY = "libc++";
				CLANG_ENABLE_MODULES = YES;
				CLANG_ENABLE_OBJC_ARC = YES;
				CLANG_ENABLE_OBJC_WEAK = YES;
				CLANG_WARN_BLOCK_CAPTURE_AUTORELEASING = YES;
				CLANG_WARN_BOOL_CONVERSION = YES;
				CLANG_WARN_COMMA = YES;
				CLANG_WARN_CONSTANT_CONVERSION = YES;
				CLANG_WARN_DEPRECATED_OBJC_IMPLEMENTATIONS = YES;
				CLANG_WARN_DIRECT_OBJC_ISA_USAGE = YES_ERROR;
				CLANG_WARN_DOCUMENTATION_COMMENTS = YES;
				CLANG_WARN_EMPTY_BODY = YES;
				CLANG_WARN_ENUM_CONVERSION = YES;
				CLANG_WARN_INFINITE_RECURSION = YES;
				CLANG_WARN_INT_CONVERSION = YES;
				CLANG_WARN_NON_LITERAL_NULL_CONVERSION = YES;
				CLANG_WARN_OBJC_IMPLICIT_RETAIN_SELF = YES;
				CLANG_WARN_OBJC_LITERAL_CONVERSION = YES;
				CLANG_WARN_OBJC_ROOT_CLASS = YES_ERROR;
				CLANG_WARN_RANGE_LOOP_ANALYSIS = YES;
				CLANG_WARN_STRICT_PROTOTYPES = YES;
				CLANG_WARN_SUSPICIOUS_MOVE = YES;
				CLANG_WARN_UNGUARDED_AVAILABILITY = YES_AGGRESSIVE;
				CLANG_WARN_UNREACHABLE_CODE = YES;
				CLANG_WARN__DUPLICATE_METHOD_MATCH = YES;
				COPY_PHASE_STRIP = NO;
				DEBUG_INFORMATION_FORMAT = dwarf;
				ENABLE_STRICT_OBJC_MSGSEND = YES;
				ENABLE_TESTABILITY = YES;
				GCC_C_LANGUAGE_STANDARD = gnu11;
				GCC_DYNAMIC_NO_PIC = NO;
				GCC_NO_COMMON_BLOCKS = YES;
				GCC_OPTIMIZATION_LEVEL = 0;
				GCC_PREPROCESSOR_DEFINITIONS = (
					"DEBUG=1",
					"$(inherited)",
				);
				GCC_WARN_64_TO_32_BIT_CONVERSION = YES;
				GCC_WARN_ABOUT_RETURN_TYPE = YES_ERROR;
				GCC_WARN_UNDECLARED_SELECTOR = YES;
				GCC_WARN_UNINITIALIZED_AUTOS = YES_AGGRESSIVE;
				GCC_WARN_UNUSED_FUNCTION = YES;
				GCC_WARN_UNUSED_VARIABLE = YES;
				IPHONEOS_DEPLOYMENT_TARGET = 13.2;
				MTL_ENABLE_DEBUG_INFO = INCLUDE_SOURCE;
				MTL_FAST_MATH = YES;
				ONLY_ACTIVE_ARCH = YES;
				SDKROOT = iphoneos;
				SWIFT_ACTIVE_COMPILATION_CONDITIONS = DEBUG;
				SWIFT_OPTIMIZATION_LEVEL = "-Onone";
			};
			name = Debug;
		};
		2682CE13253872BC00989A3F /* Release */ = {
			isa = XCBuildConfiguration;
			buildSettings = {
				ALWAYS_SEARCH_USER_PATHS = NO;
				CLANG_ANALYZER_NONNULL = YES;
				CLANG_ANALYZER_NUMBER_OBJECT_CONVERSION = YES_AGGRESSIVE;
				CLANG_CXX_LANGUAGE_STANDARD = "gnu++14";
				CLANG_CXX_LIBRARY = "libc++";
				CLANG_ENABLE_MODULES = YES;
				CLANG_ENABLE_OBJC_ARC = YES;
				CLANG_ENABLE_OBJC_WEAK = YES;
				CLANG_WARN_BLOCK_CAPTURE_AUTORELEASING = YES;
				CLANG_WARN_BOOL_CONVERSION = YES;
				CLANG_WARN_COMMA = YES;
				CLANG_WARN_CONSTANT_CONVERSION = YES;
				CLANG_WARN_DEPRECATED_OBJC_IMPLEMENTATIONS = YES;
				CLANG_WARN_DIRECT_OBJC_ISA_USAGE = YES_ERROR;
				CLANG_WARN_DOCUMENTATION_COMMENTS = YES;
				CLANG_WARN_EMPTY_BODY = YES;
				CLANG_WARN_ENUM_CONVERSION = YES;
				CLANG_WARN_INFINITE_RECURSION = YES;
				CLANG_WARN_INT_CONVERSION = YES;
				CLANG_WARN_NON_LITERAL_NULL_CONVERSION = YES;
				CLANG_WARN_OBJC_IMPLICIT_RETAIN_SELF = YES;
				CLANG_WARN_OBJC_LITERAL_CONVERSION = YES;
				CLANG_WARN_OBJC_ROOT_CLASS = YES_ERROR;
				CLANG_WARN_RANGE_LOOP_ANALYSIS = YES;
				CLANG_WARN_STRICT_PROTOTYPES = YES;
				CLANG_WARN_SUSPICIOUS_MOVE = YES;
				CLANG_WARN_UNGUARDED_AVAILABILITY = YES_AGGRESSIVE;
				CLANG_WARN_UNREACHABLE_CODE = YES;
				CLANG_WARN__DUPLICATE_METHOD_MATCH = YES;
				COPY_PHASE_STRIP = NO;
				DEBUG_INFORMATION_FORMAT = "dwarf-with-dsym";
				ENABLE_NS_ASSERTIONS = NO;
				ENABLE_STRICT_OBJC_MSGSEND = YES;
				GCC_C_LANGUAGE_STANDARD = gnu11;
				GCC_NO_COMMON_BLOCKS = YES;
				GCC_WARN_64_TO_32_BIT_CONVERSION = YES;
				GCC_WARN_ABOUT_RETURN_TYPE = YES_ERROR;
				GCC_WARN_UNDECLARED_SELECTOR = YES;
				GCC_WARN_UNINITIALIZED_AUTOS = YES_AGGRESSIVE;
				GCC_WARN_UNUSED_FUNCTION = YES;
				GCC_WARN_UNUSED_VARIABLE = YES;
				IPHONEOS_DEPLOYMENT_TARGET = 13.2;
				MTL_ENABLE_DEBUG_INFO = NO;
				MTL_FAST_MATH = YES;
				SDKROOT = iphoneos;
				SWIFT_COMPILATION_MODE = wholemodule;
				SWIFT_OPTIMIZATION_LEVEL = "-O";
				VALIDATE_PRODUCT = YES;
			};
			name = Release;
		};
		2682CE15253872BC00989A3F /* Debug */ = {
			isa = XCBuildConfiguration;
			buildSettings = {
				ASSETCATALOG_COMPILER_APPICON_NAME = AppIcon;
				CODE_SIGN_STYLE = Automatic;
				INFOPLIST_FILE = Assister/Info.plist;
				LD_RUNPATH_SEARCH_PATHS = (
					"$(inherited)",
					"@executable_path/Frameworks",
				);
				PRODUCT_BUNDLE_IDENTIFIER = "Sadik-Dev.Assister";
				PRODUCT_NAME = "$(TARGET_NAME)";
				SWIFT_VERSION = 5.0;
				TARGETED_DEVICE_FAMILY = "1,2";
			};
			name = Debug;
		};
		2682CE16253872BC00989A3F /* Release */ = {
			isa = XCBuildConfiguration;
			buildSettings = {
				ASSETCATALOG_COMPILER_APPICON_NAME = AppIcon;
				CODE_SIGN_STYLE = Automatic;
				INFOPLIST_FILE = Assister/Info.plist;
				LD_RUNPATH_SEARCH_PATHS = (
					"$(inherited)",
					"@executable_path/Frameworks",
				);
				PRODUCT_BUNDLE_IDENTIFIER = "Sadik-Dev.Assister";
				PRODUCT_NAME = "$(TARGET_NAME)";
				SWIFT_VERSION = 5.0;
				TARGETED_DEVICE_FAMILY = "1,2";
			};
			name = Release;
		};
		2682CE18253872BC00989A3F /* Debug */ = {
			isa = XCBuildConfiguration;
			buildSettings = {
				ALWAYS_EMBED_SWIFT_STANDARD_LIBRARIES = YES;
				BUNDLE_LOADER = "$(TEST_HOST)";
				CODE_SIGN_STYLE = Automatic;
				INFOPLIST_FILE = AssisterTests/Info.plist;
				IPHONEOS_DEPLOYMENT_TARGET = 13.2;
				LD_RUNPATH_SEARCH_PATHS = (
					"$(inherited)",
					"@executable_path/Frameworks",
					"@loader_path/Frameworks",
				);
				PRODUCT_BUNDLE_IDENTIFIER = "Sadik-Dev.AssisterTests";
				PRODUCT_NAME = "$(TARGET_NAME)";
				SWIFT_VERSION = 5.0;
				TARGETED_DEVICE_FAMILY = "1,2";
				TEST_HOST = "$(BUILT_PRODUCTS_DIR)/Assister.app/Assister";
			};
			name = Debug;
		};
		2682CE19253872BC00989A3F /* Release */ = {
			isa = XCBuildConfiguration;
			buildSettings = {
				ALWAYS_EMBED_SWIFT_STANDARD_LIBRARIES = YES;
				BUNDLE_LOADER = "$(TEST_HOST)";
				CODE_SIGN_STYLE = Automatic;
				INFOPLIST_FILE = AssisterTests/Info.plist;
				IPHONEOS_DEPLOYMENT_TARGET = 13.2;
				LD_RUNPATH_SEARCH_PATHS = (
					"$(inherited)",
					"@executable_path/Frameworks",
					"@loader_path/Frameworks",
				);
				PRODUCT_BUNDLE_IDENTIFIER = "Sadik-Dev.AssisterTests";
				PRODUCT_NAME = "$(TARGET_NAME)";
				SWIFT_VERSION = 5.0;
				TARGETED_DEVICE_FAMILY = "1,2";
				TEST_HOST = "$(BUILT_PRODUCTS_DIR)/Assister.app/Assister";
			};
			name = Release;
		};
		2682CE1B253872BC00989A3F /* Debug */ = {
			isa = XCBuildConfiguration;
			buildSettings = {
				ALWAYS_EMBED_SWIFT_STANDARD_LIBRARIES = YES;
				CODE_SIGN_STYLE = Automatic;
				INFOPLIST_FILE = AssisterUITests/Info.plist;
				LD_RUNPATH_SEARCH_PATHS = (
					"$(inherited)",
					"@executable_path/Frameworks",
					"@loader_path/Frameworks",
				);
				PRODUCT_BUNDLE_IDENTIFIER = "Sadik-Dev.AssisterUITests";
				PRODUCT_NAME = "$(TARGET_NAME)";
				SWIFT_VERSION = 5.0;
				TARGETED_DEVICE_FAMILY = "1,2";
				TEST_TARGET_NAME = Assister;
			};
			name = Debug;
		};
		2682CE1C253872BC00989A3F /* Release */ = {
			isa = XCBuildConfiguration;
			buildSettings = {
				ALWAYS_EMBED_SWIFT_STANDARD_LIBRARIES = YES;
				CODE_SIGN_STYLE = Automatic;
				INFOPLIST_FILE = AssisterUITests/Info.plist;
				LD_RUNPATH_SEARCH_PATHS = (
					"$(inherited)",
					"@executable_path/Frameworks",
					"@loader_path/Frameworks",
				);
				PRODUCT_BUNDLE_IDENTIFIER = "Sadik-Dev.AssisterUITests";
				PRODUCT_NAME = "$(TARGET_NAME)";
				SWIFT_VERSION = 5.0;
				TARGETED_DEVICE_FAMILY = "1,2";
				TEST_TARGET_NAME = Assister;
			};
			name = Release;
		};
/* End XCBuildConfiguration section */

/* Begin XCConfigurationList section */
		2682CDE3253872BA00989A3F /* Build configuration list for PBXProject "Assister" */ = {
			isa = XCConfigurationList;
			buildConfigurations = (
				2682CE12253872BC00989A3F /* Debug */,
				2682CE13253872BC00989A3F /* Release */,
			);
			defaultConfigurationIsVisible = 0;
			defaultConfigurationName = Release;
		};
		2682CE14253872BC00989A3F /* Build configuration list for PBXNativeTarget "Assister" */ = {
			isa = XCConfigurationList;
			buildConfigurations = (
				2682CE15253872BC00989A3F /* Debug */,
				2682CE16253872BC00989A3F /* Release */,
			);
			defaultConfigurationIsVisible = 0;
			defaultConfigurationName = Release;
		};
		2682CE17253872BC00989A3F /* Build configuration list for PBXNativeTarget "AssisterTests" */ = {
			isa = XCConfigurationList;
			buildConfigurations = (
				2682CE18253872BC00989A3F /* Debug */,
				2682CE19253872BC00989A3F /* Release */,
			);
			defaultConfigurationIsVisible = 0;
			defaultConfigurationName = Release;
		};
		2682CE1A253872BC00989A3F /* Build configuration list for PBXNativeTarget "AssisterUITests" */ = {
			isa = XCConfigurationList;
			buildConfigurations = (
				2682CE1B253872BC00989A3F /* Debug */,
				2682CE1C253872BC00989A3F /* Release */,
			);
			defaultConfigurationIsVisible = 0;
			defaultConfigurationName = Release;
		};
/* End XCConfigurationList section */

/* Begin XCVersionGroup section */
		26C2A60A253B8F400084966B /* UserData.xcdatamodeld */ = {
			isa = XCVersionGroup;
			children = (
				26C2A60B253B8F400084966B /* UserData.xcdatamodel */,
			);
			currentVersion = 26C2A60B253B8F400084966B /* UserData.xcdatamodel */;
			path = UserData.xcdatamodeld;
			sourceTree = "<group>";
			versionGroupType = wrapper.xcdatamodel;
		};
/* End XCVersionGroup section */
	};
	rootObject = 2682CDE0253872BA00989A3F /* Project object */;
}
